
Microsoft Visual Studio Solution File, Format Version 12.00
# Visual Studio Version 17
VisualStudioVersion = 17.11.35312.102
MinimumVisualStudioVersion = 10.0.40219.1
Project("{FAE04EC0-301F-11D3-BF4B-00C04F79EFBC}") = "Concurrent Programming Lab1", "Concurrent Programming Lab1\Concurrent Programming Lab1.csproj", "{A2C1303F-111D-4573-87A5-956183A66D87}"
EndProject
Global
	GlobalSection(SolutionConfigurationPlatforms) = preSolution
		Debug|Any CPU = Debug|Any CPU
		Release|Any CPU = Release|Any CPU
	EndGlobalSection
	GlobalSection(ProjectConfigurationPlatforms) = postSolution
		{A2C1303F-111D-4573-87A5-956183A66D87}.Debug|Any CPU.ActiveCfg = Debug|Any CPU
		{A2C1303F-111D-4573-87A5-956183A66D87}.Debug|Any CPU.Build.0 = Debug|Any CPU
		{A2C1303F-111D-4573-87A5-956183A66D87}.Release|Any CPU.ActiveCfg = Release|Any CPU
		{A2C1303F-111D-4573-87A5-956183A66D87}.Release|Any CPU.Build.0 = Release|Any CPU
	EndGlobalSection
	GlobalSection(SolutionProperties) = preSolution
		HideSolutionNode = FALSE
	EndGlobalSection
	GlobalSection(ExtensibilityGlobals) = postSolution
		SolutionGuid = {D883AD66-2A5C-4E40-95CC-8133E1D63088}
	EndGlobalSection
EndGlobal
